{
  "version": 4,
  "terraform_version": "1.9.1",
  "serial": 6,
  "lineage": "846691a1-1c84-e91c-e7f6-7d4d6e807b39",
  "outputs": {},
  "resources": [
    {
      "mode": "managed",
      "type": "digitalocean_droplet",
      "name": "droplet",
      "provider": "provider[\"registry.terraform.io/digitalocean/digitalocean\"]",
      "instances": [
        {
          "schema_version": 1,
          "attributes": {
            "backups": false,
            "created_at": "2024-07-09T01:55:46Z",
            "disk": 10,
            "droplet_agent": null,
            "graceful_shutdown": false,
            "id": "431295152",
            "image": "ubuntu-20-04-x64",
            "ipv4_address": "143.198.165.173",
            "ipv4_address_private": "10.116.0.2",
            "ipv6": false,
            "ipv6_address": "",
            "locked": false,
            "memory": 512,
            "monitoring": false,
            "name": "lesanpidev",
            "price_hourly": 0.00595,
            "price_monthly": 4,
            "private_networking": true,
            "region": "nyc1",
            "resize_disk": true,
            "size": "s-1vcpu-512mb-10gb",
            "ssh_keys": [
              "42707392"
            ],
            "status": "active",
            "tags": null,
            "timeouts": null,
            "urn": "do:droplet:431295152",
            "user_data": "d76bccfb0a6ed6b6e16c35210ada893a2cc58db4",
            "vcpus": 1,
            "volume_ids": [],
            "vpc_uuid": "d4b8a324-6cb4-4186-92da-235df59b224a"
          },
          "sensitive_attributes": [],
          "private": "eyJlMmJmYjczMC1lY2FhLTExZTYtOGY4OC0zNDM2M2JjN2M0YzAiOnsiY3JlYXRlIjozNjAwMDAwMDAwMDAwLCJkZWxldGUiOjYwMDAwMDAwMDAwLCJ1cGRhdGUiOjM2MDAwMDAwMDAwMDB9LCJzY2hlbWFfdmVyc2lvbiI6IjEifQ==",
          "dependencies": [
            "digitalocean_ssh_key.ssh_key"
          ]
        }
      ]
    },
    {
      "mode": "managed",
      "type": "digitalocean_record",
      "name": "jenkins",
      "provider": "provider[\"registry.terraform.io/digitalocean/digitalocean\"]",
      "instances": [
        {
          "schema_version": 0,
          "attributes": {
            "domain": "lesanpi.dev",
            "flags": 0,
            "fqdn": "jenkins.lesanpi.dev",
            "id": "1745304355",
            "name": "jenkins",
            "port": 0,
            "priority": 0,
            "tag": "",
            "ttl": 1800,
            "type": "A",
            "value": "143.198.165.173",
            "weight": 0
          },
          "sensitive_attributes": [],
          "private": "bnVsbA==",
          "dependencies": [
            "digitalocean_droplet.droplet",
            "digitalocean_ssh_key.ssh_key"
          ]
        }
      ]
    },
    {
      "mode": "managed",
      "type": "digitalocean_record",
      "name": "main",
      "provider": "provider[\"registry.terraform.io/digitalocean/digitalocean\"]",
      "instances": [
        {
          "schema_version": 0,
          "attributes": {
            "domain": "lesanpi.dev",
            "flags": 0,
            "fqdn": "lesanpi.dev",
            "id": "1745304354",
            "name": "@",
            "port": 0,
            "priority": 0,
            "tag": "",
            "ttl": 1800,
            "type": "A",
            "value": "143.198.165.173",
            "weight": 0
          },
          "sensitive_attributes": [],
          "private": "bnVsbA==",
          "dependencies": [
            "digitalocean_droplet.droplet",
            "digitalocean_ssh_key.ssh_key"
          ]
        }
      ]
    },
    {
      "mode": "managed",
      "type": "digitalocean_record",
      "name": "www",
      "provider": "provider[\"registry.terraform.io/digitalocean/digitalocean\"]",
      "instances": [
        {
          "schema_version": 0,
          "attributes": {
            "domain": "lesanpi.dev",
            "flags": 0,
            "fqdn": "www.lesanpi.dev",
            "id": "1745304353",
            "name": "www",
            "port": 0,
            "priority": 0,
            "tag": "",
            "ttl": 1800,
            "type": "A",
            "value": "143.198.165.173",
            "weight": 0
          },
          "sensitive_attributes": [],
          "private": "bnVsbA==",
          "dependencies": [
            "digitalocean_droplet.droplet",
            "digitalocean_ssh_key.ssh_key"
          ]
        }
      ]
    },
    {
      "mode": "managed",
      "type": "digitalocean_ssh_key",
      "name": "ssh_key",
      "provider": "provider[\"registry.terraform.io/digitalocean/digitalocean\"]",
      "instances": [
        {
          "schema_version": 0,
          "attributes": {
            "fingerprint": "f0:e3:b4:80:29:44:06:47:66:94:a6:67:74:59:04:a9",
            "id": "42707392",
            "name": "General SSH Key",
            "public_key": "ssh-rsa AAAAB3NzaC1yc2EAAAADAQABAAABgQC3tyaryS8QKnjmlfg7wNw+LvoOD+roHxSdWNuq5zJ+Izt/ZlGEVyp2xdu5gkXOpI7axKpEjRMiMax+yIYUB3H9NCl5bD3ma1UIEMl9MPt0yvf4I+SgEo9Y7B24vgIg+ZkZFHUNdWeiLikP6dLKA1Hj+Z0+yQZwOj/USyFLu0ZRuaZGpJws9X+rrdimbAOfTIJbLH7i1ApHOmqhYqnfIYc0faha9lz45ttsowYLbx+XOGb+anwID/tScJbnbdcURQLcrvczEcXEfeyMGJ91aqlD5KeZ6zfoKntfoftExUAFIvZHHHQ6KfoKLAF5loY5zkIpuMv+WxIUgra6ws/FOt4tVxYQYZ+hn5kkxGy0g6sM1ocShrGcio3Nlnb34jFaM/P78+VT7CP6HYPXxNV+kIe91G+xvssI+SyxFtMfDTEm1c8pbQOP3SOH+5D3a/nkAlH7NtEEZ+zqW2VSAKhu+Jn/c7lOOnAjHI/hBPYk6ZqHav2xVfRtmX2gqudJjp1V/K0= lesanpi@Luiss-MacBook-Air.local\n"
          },
          "sensitive_attributes": [],
          "private": "bnVsbA=="
        }
      ]
    }
  ],
  "check_results": null
}
